
Microsoft Visual Studio Solution File, Format Version 12.00
# Visual Studio Version 16
VisualStudioVersion = 16.0.33130.400
MinimumVisualStudioVersion = 10.0.40219.1
Project("{8BC9CEB8-8B4A-11D0-8D11-00A0C91BC942}") = "WordKneader", "WordKneader\WordKneader.vcxproj", "{115C7DA2-C95B-4DBD-B01D-E9B22CB7B0EC}"
EndProject
Project("{8BC9CEB8-8B4A-11D0-8D11-00A0C91BC942}") = "UnitTest", "UnitTest\UnitTest.vcxproj", "{5615F35C-D545-462D-A8EB-275C8BDDCDD8}"
	ProjectSection(ProjectDependencies) = postProject
		{115C7DA2-C95B-4DBD-B01D-E9B22CB7B0EC} = {115C7DA2-C95B-4DBD-B01D-E9B22CB7B0EC}
	EndProjectSection
EndProject
Global
	GlobalSection(SolutionConfigurationPlatforms) = preSolution
		Debug|x64 = Debug|x64
		Debug|x86 = Debug|x86
		Release|x64 = Release|x64
		Release|x86 = Release|x86
	EndGlobalSection
	GlobalSection(ProjectConfigurationPlatforms) = postSolution
		{115C7DA2-C95B-4DBD-B01D-E9B22CB7B0EC}.Debug|x64.ActiveCfg = Debug|x64
		{115C7DA2-C95B-4DBD-B01D-E9B22CB7B0EC}.Debug|x64.Build.0 = Debug|x64
		{115C7DA2-C95B-4DBD-B01D-E9B22CB7B0EC}.Debug|x86.ActiveCfg = Debug|Win32
		{115C7DA2-C95B-4DBD-B01D-E9B22CB7B0EC}.Debug|x86.Build.0 = Debug|Win32
		{115C7DA2-C95B-4DBD-B01D-E9B22CB7B0EC}.Release|x64.ActiveCfg = Release|x64
		{115C7DA2-C95B-4DBD-B01D-E9B22CB7B0EC}.Release|x64.Build.0 = Release|x64
		{115C7DA2-C95B-4DBD-B01D-E9B22CB7B0EC}.Release|x86.ActiveCfg = Release|Win32
		{115C7DA2-C95B-4DBD-B01D-E9B22CB7B0EC}.Release|x86.Build.0 = Release|Win32
		{5615F35C-D545-462D-A8EB-275C8BDDCDD8}.Debug|x64.ActiveCfg = Debug|x64
		{5615F35C-D545-462D-A8EB-275C8BDDCDD8}.Debug|x64.Build.0 = Debug|x64
		{5615F35C-D545-462D-A8EB-275C8BDDCDD8}.Debug|x86.ActiveCfg = Debug|Win32
		{5615F35C-D545-462D-A8EB-275C8BDDCDD8}.Debug|x86.Build.0 = Debug|Win32
		{5615F35C-D545-462D-A8EB-275C8BDDCDD8}.Release|x64.ActiveCfg = Release|x64
		{5615F35C-D545-462D-A8EB-275C8BDDCDD8}.Release|x64.Build.0 = Release|x64
		{5615F35C-D545-462D-A8EB-275C8BDDCDD8}.Release|x86.ActiveCfg = Release|Win32
		{5615F35C-D545-462D-A8EB-275C8BDDCDD8}.Release|x86.Build.0 = Release|Win32
	EndGlobalSection
	GlobalSection(SolutionProperties) = preSolution
		HideSolutionNode = FALSE
	EndGlobalSection
	GlobalSection(ExtensibilityGlobals) = postSolution
		SolutionGuid = {B9856F46-CE9D-4D4D-B08D-1613C8D183E0}
	EndGlobalSection
EndGlobal
